{
  "pins" : [
    {
      "identity" : "alamofire",
      "kind" : "remoteSourceControl",
      "location" : "https://github.com/Alamofire/Alamofire.git",
      "state" : {
        "revision" : "354dda32d89fc8cd4f5c46487f64957d355f53d8",
        "version" : "5.6.1"
      }
    },
    {
      "identity" : "bufferlayoutswift",
      "kind" : "remoteSourceControl",
      "location" : "https://github.com/bigearsenal/BufferLayoutSwift.git",
      "state" : {
        "revision" : "26894ef3ad991b4be8766776e4465326bfb6273f",
        "version" : "0.9.0"
      }
    },
    {
      "identity" : "cryptoswift",
      "kind" : "remoteSourceControl",
      "location" : "https://github.com/krzyzanowskim/CryptoSwift.git",
      "state" : {
        "revision" : "039f56c5d7960f277087a0be51f5eb04ed0ec073",
        "version" : "1.5.1"
      }
    },
    {
      "identity" : "loggerswift",
      "kind" : "remoteSourceControl",
      "location" : "https://github.com/bigearsenal/loggerswift.git",
      "state" : {
        "revision" : "bbb62757aca270f8bb6489de50b48ae424daf913",
        "version" : "1.0.0"
      }
    },
    {
      "identity" : "ohhttpstubs",
      "kind" : "remoteSourceControl",
      "location" : "https://github.com/AliSoftware/OHHTTPStubs.git",
      "state" : {
        "revision" : "12f19662426d0434d6c330c6974d53e2eb10ecd9",
        "version" : "9.1.0"
      }
    },
    {
      "identity" : "runtime",
      "kind" : "remoteSourceControl",
      "location" : "https://github.com/wickwirew/Runtime.git",
      "state" : {
        "revision" : "dad03135d7701a4e7b3a4051e75d6b37bd8e178e",
        "version" : "2.2.4"
      }
    },
    {
      "identity" : "rxalamofire",
      "kind" : "remoteSourceControl",
      "location" : "https://github.com/RxSwiftCommunity/RxAlamofire.git",
      "state" : {
        "revision" : "9535b58695b91fb67f56d58d6fd0c76462d7743a",
        "version" : "6.1.2"
      }
    },
    {
      "identity" : "rxswift",
      "kind" : "remoteSourceControl",
      "location" : "https://github.com/ReactiveX/RxSwift.git",
      "state" : {
        "revision" : "b4307ba0b6425c0ba4178e138799946c3da594f8",
        "version" : "6.5.0"
      }
    },
    {
      "identity" : "secp256k1.swift",
      "kind" : "remoteSourceControl",
      "location" : "https://github.com/Boilertalk/secp256k1.swift.git",
      "state" : {
        "revision" : "45e458ec3be46cf0a6eb68bc947f797852dc65d8",
        "version" : "0.1.6"
      }
    },
    {
      "identity" : "solana-swift",
      "kind" : "remoteSourceControl",
      "location" : "https://github.com/p2p-org/solana-swift",
      "state" : {
        "branch" : "refactor/fix-protection-level",
        "revision" : "e9c3f23617d73eb2d37f10d6be9f6637753fc222"
      }
    },
    {
      "identity" : "starscream",
      "kind" : "remoteSourceControl",
      "location" : "https://github.com/daltoniam/Starscream.git",
      "state" : {
        "revision" : "df8d82047f6654d8e4b655d1b1525c64e1059d21",
        "version" : "4.0.4"
      }
    },
    {
      "identity" : "swift-docc-plugin",
      "kind" : "remoteSourceControl",
      "location" : "https://github.com/apple/swift-docc-plugin",
      "state" : {
        "revision" : "3303b164430d9a7055ba484c8ead67a52f7b74f6",
        "version" : "1.0.0"
      }
    },
    {
      "identity" : "task-retrying-swift",
      "kind" : "remoteSourceControl",
      "location" : "https://github.com/bigearsenal/task-retrying-swift.git",
      "state" : {
        "revision" : "1e83e99e412b27a5b1f2123493ed7ae4f2df7413",
        "version" : "1.0.1"
      }
    },
    {
      "identity" : "tweetnacl-swiftwrap",
      "kind" : "remoteSourceControl",
      "location" : "https://github.com/bitmark-inc/tweetnacl-swiftwrap.git",
      "state" : {
        "revision" : "f8fd111642bf2336b11ef9ea828510693106e954",
        "version" : "1.1.0"
      }
    }
  ],
  "version" : 2
}
