{
  "object": {
    "pins": [
      {
        "package": "abseil",
        "repositoryURL": "https://github.com/firebase/abseil-cpp-SwiftPM.git",
        "state": {
          "branch": null,
          "revision": "583de9bd60f66b40e78d08599cc92036c2e7e4e1",
          "version": "0.20220203.2"
        }
      },
      {
        "package": "Amplitude",
        "repositoryURL": "https://github.com/amplitude/Amplitude-iOS",
        "state": {
          "branch": null,
          "revision": "483ec5c74b50f0d483013fc910fe890ec34e54d2",
          "version": "8.14.0"
        }
      },
      {
        "package": "analytics-connector-ios",
        "repositoryURL": "https://github.com/amplitude/analytics-connector-ios.git",
        "state": {
          "branch": null,
          "revision": "d3d682a26ca6f4947ece2c2e627971bb41b940fa",
          "version": "1.0.1"
        }
      },
      {
        "package": "AppsFlyerLib",
        "repositoryURL": "https://github.com/AppsFlyerSDK/AppsFlyerFramework",
        "state": {
          "branch": null,
          "revision": "aabfaf81d95e21f711850e87c60b9ef70b2bc6c4",
          "version": "6.9.2"
        }
      },
      {
        "package": "BoringSSL-GRPC",
        "repositoryURL": "https://github.com/firebase/boringssl-SwiftPM.git",
        "state": {
          "branch": null,
          "revision": "dd3eda2b05a3f459fc3073695ad1b28659066eab",
          "version": "0.9.1"
        }
      },
      {
        "package": "CryptoSwift",
        "repositoryURL": "https://github.com/krzyzanowskim/CryptoSwift.git",
        "state": {
          "branch": null,
          "revision": "19b3c3ceed117c5cc883517c4e658548315ba70b",
          "version": "1.6.0"
        }
      },
      {
        "package": "FeeRelayerSwift",
        "repositoryURL": "https://github.com/p2p-org/FeeRelayerSwift",
        "state": {
          "branch": "master",
          "revision": "2ea7f8fe6d1dd37c966fe0f7638d65e0bca294ab",
          "version": null
        }
      },
      {
        "package": "Firebase",
        "repositoryURL": "https://github.com/firebase/firebase-ios-sdk.git",
        "state": {
          "branch": null,
          "revision": "0df86ea17d5d281415be74f2290df8431644f156",
          "version": "10.4.0"
        }
      },
      {
        "package": "GoogleAppMeasurement",
        "repositoryURL": "https://github.com/google/GoogleAppMeasurement.git",
        "state": {
          "branch": null,
          "revision": "9a09ece724128e8d1e14c5133b87c0e236844ac0",
          "version": "10.4.0"
        }
      },
      {
        "package": "GoogleDataTransport",
        "repositoryURL": "https://github.com/google/GoogleDataTransport.git",
        "state": {
          "branch": null,
          "revision": "f6b558e3f801f2cac336b04f615ce111fa9ddaa0",
          "version": "9.2.1"
        }
      },
      {
        "package": "GoogleUtilities",
        "repositoryURL": "https://github.com/google/GoogleUtilities.git",
        "state": {
          "branch": null,
          "revision": "0543562f85620b5b7c510c6bcbef75b562a5127b",
          "version": "7.11.0"
        }
      },
      {
        "package": "gRPC",
        "repositoryURL": "https://github.com/grpc/grpc-ios.git",
        "state": {
          "branch": null,
          "revision": "8440b914756e0d26d4f4d054a1c1581daedfc5b6",
          "version": "1.44.3-grpc"
        }
      },
      {
        "package": "GTMSessionFetcher",
        "repositoryURL": "https://github.com/google/gtm-session-fetcher.git",
        "state": {
          "branch": null,
          "revision": "96d7cc73a71ce950723aa3c50ce4fb275ae180b8",
          "version": "3.1.0"
        }
      },
      {
        "package": "leveldb",
        "repositoryURL": "https://github.com/firebase/leveldb.git",
        "state": {
          "branch": null,
          "revision": "0706abcc6b0bd9cedfbb015ba840e4a780b5159b",
          "version": "1.22.2"
        }
      },
      {
        "package": "nanopb",
        "repositoryURL": "https://github.com/firebase/nanopb.git",
        "state": {
          "branch": null,
          "revision": "819d0a2173aff699fb8c364b6fb906f7cdb1a692",
          "version": "2.30909.0"
        }
      },
      {
        "package": "OrcaSwapSwift",
        "repositoryURL": "https://github.com/p2p-org/OrcaSwapSwift.git",
        "state": {
          "branch": null,
          "revision": "59711b2ee5272acc1cc7e8f2f0c325e985ba5415",
          "version": "2.1.1"
        }
      },
      {
        "package": "Promises",
        "repositoryURL": "https://github.com/google/promises.git",
        "state": {
          "branch": null,
          "revision": "3e4e743631e86c8c70dbc6efdc7beaa6e90fd3bb",
          "version": "2.1.1"
        }
      },
      {
        "package": "secp256k1",
        "repositoryURL": "https://github.com/Boilertalk/secp256k1.swift.git",
        "state": {
          "branch": null,
          "revision": "cd187c632fb812fd93711a9f7e644adb7e5f97f0",
          "version": "0.1.7"
        }
      },
      {
        "package": "SolanaSwift",
        "repositoryURL": "https://github.com/p2p-org/solana-swift",
        "state": {
          "branch": "main",
          "revision": "20f4546c93d069d10c19207cfba40a7f79e64c47",
          "version": null
        }
      },
      {
        "package": "SwiftDocCPlugin",
        "repositoryURL": "https://github.com/apple/swift-docc-plugin",
        "state": {
          "branch": null,
          "revision": "10bc670db657d11bdd561e07de30a9041311b2b1",
          "version": "1.1.0"
        }
      },
      {
        "package": "SymbolKit",
        "repositoryURL": "https://github.com/apple/swift-docc-symbolkit",
        "state": {
          "branch": null,
          "revision": "b45d1f2ed151d057b54504d653e0da5552844e34",
          "version": "1.0.0"
        }
      },
      {
        "package": "SwiftProtobuf",
        "repositoryURL": "https://github.com/apple/swift-protobuf.git",
        "state": {
          "branch": null,
          "revision": "ab3a58b7209a17d781c0d1dbb3e1ff3da306bae8",
          "version": "1.20.3"
        }
      },
      {
        "package": "Task_retrying",
        "repositoryURL": "https://github.com/bigearsenal/task-retrying-swift.git",
        "state": {
          "branch": null,
          "revision": "645eaaf207a6f39ab4b469558d916ae23df199b5",
          "version": "1.0.3"
        }
      },
      {
        "package": "TweetNacl",
        "repositoryURL": "https://github.com/bitmark-inc/tweetnacl-swiftwrap.git",
        "state": {
          "branch": null,
          "revision": "f8fd111642bf2336b11ef9ea828510693106e954",
          "version": "1.1.0"
        }
      }
    ]
  },
  "version": 1
}
